https://github.com/korlibs/korge-box2d.git/korge-box2d#0.0.1 ::: 57951cb11dcdccf657d432fa840d6e07532507e8:fffff200fcf103f20ffef103f5f7090309f20bff01fbf0f6f1030d0ef909f202
https://github.com/korlibs/korge-box2d.git/korge-box2d#v0.2.0 ::: f4da9da0aca38a586c9a3d22e1ebc4a278f26938:fa04ff00fef3fc03fcfaf4f20b01fafefbfef60f0701fffa0e070108f0f401f3
